
Microsoft Visual Studio Solution File, Format Version 12.00
# Visual Studio Version 17
VisualStudioVersion = 17.2.32630.192
MinimumVisualStudioVersion = 10.0.40219.1
Project("{8BC9CEB8-8B4A-11D0-8D11-00A0C91BC942}") = "Interpreter", "Interpreter\Interpreter.vcxproj", "{4A7DADF8-7B35-4D08-B8CF-EBB309F47DD7}"
EndProject
Global
	GlobalSection(SolutionConfigurationPlatforms) = preSolution
		Debug|x64 = Debug|x64
		Debug|x86 = Debug|x86
		Release|x64 = Release|x64
		Release|x86 = Release|x86
	EndGlobalSection
	GlobalSection(ProjectConfigurationPlatforms) = postSolution
		{4A7DADF8-7B35-4D08-B8CF-EBB309F47DD7}.Debug|x64.ActiveCfg = Debug|x64
		{4A7DADF8-7B35-4D08-B8CF-EBB309F47DD7}.Debug|x64.Build.0 = Debug|x64
		{4A7DADF8-7B35-4D08-B8CF-EBB309F47DD7}.Debug|x86.ActiveCfg = Debug|Win32
		{4A7DADF8-7B35-4D08-B8CF-EBB309F47DD7}.Debug|x86.Build.0 = Debug|Win32
		{4A7DADF8-7B35-4D08-B8CF-EBB309F47DD7}.Release|x64.ActiveCfg = Release|x64
		{4A7DADF8-7B35-4D08-B8CF-EBB309F47DD7}.Release|x64.Build.0 = Release|x64
		{4A7DADF8-7B35-4D08-B8CF-EBB309F47DD7}.Release|x86.ActiveCfg = Release|Win32
		{4A7DADF8-7B35-4D08-B8CF-EBB309F47DD7}.Release|x86.Build.0 = Release|Win32
	EndGlobalSection
	GlobalSection(SolutionProperties) = preSolution
		HideSolutionNode = FALSE
	EndGlobalSection
	GlobalSection(ExtensibilityGlobals) = postSolution
		SolutionGuid = {B87CE43A-117B-40FD-9CF8-39A03D20C0B3}
	EndGlobalSection
EndGlobal
